{"version":4,"terraform_version":"1.11.6","serial":33,"lineage":"3051a9ee-912e-6126-20ef-75414a101116","outputs":{},"resources":[{"mode":"managed","type":"slurm_account","name":"lim","provider":"provider[\"registry.opentofu.org/pescobar/slurm\"]","instances":[{"schema_version":0,"attributes":{"allowed_qos":null,"default_qos":null,"description":"Account for association limit acceptance tests","fairshare":null,"id":"alim","max_jobs":null,"name":"alim","organization":"alim","parent_account":null},"sensitive_attributes":[]}]},{"mode":"managed","type":"slurm_user","name":"uat_multi_assoc","provider":"provider[\"registry.opentofu.org/pescobar/slurm\"]","instances":[{"schema_version":0,"attributes":{"admin_level":"None","association":[{"account":"alim","default_qos":null,"fairshare":30,"grp_jobs":50,"grp_jobs_accrue":null,"grp_submit_jobs":null,"grp_tres":null,"grp_tres_mins":null,"grp_tres_run_mins":null,"grp_wall":720,"max_jobs":10,"max_jobs_accrue":null,"max_submit_jobs":40,"max_tres_mins_per_job":null,"max_tres_per_job":null,"max_tres_per_node":null,"max_wall_pj":120,"partition":null,"priority":null,"qos":null},{"account":"root","default_qos":null,"fairshare":null,"grp_jobs":null,"grp_jobs_accrue":null,"grp_submit_jobs":null,"grp_tres":[{"count":128,"name":null,"type":"cpu"}],"grp_tres_mins":null,"grp_tres_run_mins":null,"grp_wall":null,"max_jobs":null,"max_jobs_accrue":null,"max_submit_jobs":null,"max_tres_mins_per_job":null,"max_tres_per_job":[{"count":16,"name":null,"type":"cpu"}],"max_tres_per_node":null,"max_wall_pj":null,"partition":null,"priority":null,"qos":null}],"default_account":"alim","default_wc_key":null,"id":"uat_multi","name":"uat_multi"},"sensitive_attributes":[],"dependencies":["slurm_account.lim"]}]}],"check_results":null}
